
Microsoft Visual Studio Solution File, Format Version 12.00
# Visual Studio Version 17
VisualStudioVersion = 17.14.36202.13
MinimumVisualStudioVersion = 10.0.40219.1
Project("{FAE04EC0-301F-11D3-BF4B-00C04F79EFBC}") = "PresenceProject", "PresenceProject\PresenceProject.csproj", "{6A169947-226B-47B6-9C0C-C6F7F8BD4DA0}"
EndProject
Project("{FAE04EC0-301F-11D3-BF4B-00C04F79EFBC}") = "PresenceProject.Core", "PresenceProject.Core\PresenceProject.Core.csproj", "{6A8DFEC5-71C8-4803-9D2E-3ECF2D97E9F3}"
EndProject
Project("{FAE04EC0-301F-11D3-BF4B-00C04F79EFBC}") = "PresenceProject.Service", "PresenceProject.Service\PresenceProject.Service.csproj", "{A4559905-E2C5-4B4F-B3C9-5904948509FC}"
EndProject
Project("{FAE04EC0-301F-11D3-BF4B-00C04F79EFBC}") = "PresenceProject.Data", "PresenceProject.Data\PresenceProject.Data.csproj", "{B8E5656A-C1E9-4325-B096-78994289E775}"
EndProject
Project("{2150E333-8FDC-42A3-9474-1A3956D46DE8}") = "Solution Items", "Solution Items", "{8EC462FD-D22E-90A8-E5CE-7E832BA40C5D}"
EndProject
Global
	GlobalSection(SolutionConfigurationPlatforms) = preSolution
		Debug|Any CPU = Debug|Any CPU
		Release|Any CPU = Release|Any CPU
	EndGlobalSection
	GlobalSection(ProjectConfigurationPlatforms) = postSolution
		{6A169947-226B-47B6-9C0C-C6F7F8BD4DA0}.Debug|Any CPU.ActiveCfg = Debug|Any CPU
		{6A169947-226B-47B6-9C0C-C6F7F8BD4DA0}.Debug|Any CPU.Build.0 = Debug|Any CPU
		{6A169947-226B-47B6-9C0C-C6F7F8BD4DA0}.Release|Any CPU.ActiveCfg = Release|Any CPU
		{6A169947-226B-47B6-9C0C-C6F7F8BD4DA0}.Release|Any CPU.Build.0 = Release|Any CPU
		{6A8DFEC5-71C8-4803-9D2E-3ECF2D97E9F3}.Debug|Any CPU.ActiveCfg = Debug|Any CPU
		{6A8DFEC5-71C8-4803-9D2E-3ECF2D97E9F3}.Debug|Any CPU.Build.0 = Debug|Any CPU
		{6A8DFEC5-71C8-4803-9D2E-3ECF2D97E9F3}.Release|Any CPU.ActiveCfg = Release|Any CPU
		{6A8DFEC5-71C8-4803-9D2E-3ECF2D97E9F3}.Release|Any CPU.Build.0 = Release|Any CPU
		{A4559905-E2C5-4B4F-B3C9-5904948509FC}.Debug|Any CPU.ActiveCfg = Debug|Any CPU
		{A4559905-E2C5-4B4F-B3C9-5904948509FC}.Debug|Any CPU.Build.0 = Debug|Any CPU
		{A4559905-E2C5-4B4F-B3C9-5904948509FC}.Release|Any CPU.ActiveCfg = Release|Any CPU
		{A4559905-E2C5-4B4F-B3C9-5904948509FC}.Release|Any CPU.Build.0 = Release|Any CPU
		{B8E5656A-C1E9-4325-B096-78994289E775}.Debug|Any CPU.ActiveCfg = Debug|Any CPU
		{B8E5656A-C1E9-4325-B096-78994289E775}.Debug|Any CPU.Build.0 = Debug|Any CPU
		{B8E5656A-C1E9-4325-B096-78994289E775}.Release|Any CPU.ActiveCfg = Release|Any CPU
		{B8E5656A-C1E9-4325-B096-78994289E775}.Release|Any CPU.Build.0 = Release|Any CPU
	EndGlobalSection
	GlobalSection(SolutionProperties) = preSolution
		HideSolutionNode = FALSE
	EndGlobalSection
	GlobalSection(ExtensibilityGlobals) = postSolution
		SolutionGuid = {7E242165-27C4-4769-89E2-93D7817B7FC8}
	EndGlobalSection
EndGlobal
